
Microsoft Visual Studio Solution File, Format Version 12.00
# Visual Studio Version 17
VisualStudioVersion = 17.6.33723.286
MinimumVisualStudioVersion = 10.0.40219.1
Project("{FAE04EC0-301F-11D3-BF4B-00C04F79EFBC}") = "WindowsFormsApp1", "WindowsFormsApp1\WindowsFormsApp1.csproj", "{4B797EF8-3D87-4E43-A9BA-1B31C4E484FF}"
EndProject
Global
	GlobalSection(SolutionConfigurationPlatforms) = preSolution
		Debug|Any CPU = Debug|Any CPU
		Release|Any CPU = Release|Any CPU
	EndGlobalSection
	GlobalSection(ProjectConfigurationPlatforms) = postSolution
		{4B797EF8-3D87-4E43-A9BA-1B31C4E484FF}.Debug|Any CPU.ActiveCfg = Debug|Any CPU
		{4B797EF8-3D87-4E43-A9BA-1B31C4E484FF}.Debug|Any CPU.Build.0 = Debug|Any CPU
		{4B797EF8-3D87-4E43-A9BA-1B31C4E484FF}.Release|Any CPU.ActiveCfg = Release|Any CPU
		{4B797EF8-3D87-4E43-A9BA-1B31C4E484FF}.Release|Any CPU.Build.0 = Release|Any CPU
	EndGlobalSection
	GlobalSection(SolutionProperties) = preSolution
		HideSolutionNode = FALSE
	EndGlobalSection
	GlobalSection(ExtensibilityGlobals) = postSolution
		SolutionGuid = {73885B93-8711-41BA-9456-93B1A1056C13}
	EndGlobalSection
EndGlobal
